Microsoft Visual Studio Solution File, Format Version 12.00
# Visual Studio Version 17
VisualStudioVersion = 17.0.31903.59
MinimumVisualStudioVersion = 10.0.40219.1
Project("{FAE04EC0-301F-11D3-BF4B-00C04F79EFBC}") = "SearchPulse.Umbraco", "src\SearchPulse.Umbraco\SearchPulse.Umbraco.csproj", "{C9A4B6C3-DB11-4E32-A776-509A59932688}"
EndProject
Project("{FAE04EC0-301F-11D3-BF4B-00C04F79EFBC}") = "SearchPulse.Umbraco.UnitTests", "tests\SearchPulse.Umbraco.UnitTests\SearchPulse.Umbraco.UnitTests.csproj", "{E22CB5E0-0A09-44D3-97D7-FC6DBD81F048}"
EndProject
Global
	GlobalSection(SolutionConfigurationPlatforms) = preSolution
		Debug|Any CPU = Debug|Any CPU
		Release|Any CPU = Release|Any CPU
	EndGlobalSection
	GlobalSection(ProjectConfigurationPlatforms) = postSolution
		{C9A4B6C3-DB11-4E32-A776-509A59932688}.Debug|Any CPU.ActiveCfg = Debug|Any CPU
		{C9A4B6C3-DB11-4E32-A776-509A59932688}.Debug|Any CPU.Build.0 = Debug|Any CPU
		{C9A4B6C3-DB11-4E32-A776-509A59932688}.Release|Any CPU.ActiveCfg = Release|Any CPU
		{C9A4B6C3-DB11-4E32-A776-509A59932688}.Release|Any CPU.Build.0 = Release|Any CPU
		{E22CB5E0-0A09-44D3-97D7-FC6DBD81F048}.Debug|Any CPU.ActiveCfg = Debug|Any CPU
		{E22CB5E0-0A09-44D3-97D7-FC6DBD81F048}.Debug|Any CPU.Build.0 = Debug|Any CPU
		{E22CB5E0-0A09-44D3-97D7-FC6DBD81F048}.Release|Any CPU.ActiveCfg = Release|Any CPU
		{E22CB5E0-0A09-44D3-97D7-FC6DBD81F048}.Release|Any CPU.Build.0 = Release|Any CPU
	EndGlobalSection
EndGlobal
